
Microsoft Visual Studio Solution File, Format Version 12.00
# Visual Studio Version 17
VisualStudioVersion = 17.2.32526.322
MinimumVisualStudioVersion = 10.0.40219.1
Project("{9A19103F-16F7-4668-BE54-9A1E7A4F7556}") = "OnlineStore", "OnlineStore\OnlineStore.csproj", "{5357655A-F92D-47B0-919D-5F9D96FCC589}"
EndProject
Global
	GlobalSection(SolutionConfigurationPlatforms) = preSolution
		Debug|Any CPU = Debug|Any CPU
		Release|Any CPU = Release|Any CPU
	EndGlobalSection
	GlobalSection(ProjectConfigurationPlatforms) = postSolution
		{5357655A-F92D-47B0-919D-5F9D96FCC589}.Debug|Any CPU.ActiveCfg = Debug|Any CPU
		{5357655A-F92D-47B0-919D-5F9D96FCC589}.Debug|Any CPU.Build.0 = Debug|Any CPU
		{5357655A-F92D-47B0-919D-5F9D96FCC589}.Release|Any CPU.ActiveCfg = Release|Any CPU
		{5357655A-F92D-47B0-919D-5F9D96FCC589}.Release|Any CPU.Build.0 = Release|Any CPU
	EndGlobalSection
	GlobalSection(SolutionProperties) = preSolution
		HideSolutionNode = FALSE
	EndGlobalSection
	GlobalSection(ExtensibilityGlobals) = postSolution
		SolutionGuid = {2610CAA3-4ED1-4EF4-BBDB-6ECF0ADF99ED}
	EndGlobalSection
EndGlobal
